
Microsoft Visual Studio Solution File, Format Version 12.00
# Visual Studio 15
VisualStudioVersion = 15.0.28010.2046
MinimumVisualStudioVersion = 10.0.40219.1
Project("{FAE04EC0-301F-11D3-BF4B-00C04F79EFBC}") = "WpfApp_GitTest", "WpfApp_GitTest\WpfApp_GitTest.csproj", "{8EE3B0C0-8640-4F75-8F50-837404A36707}"
EndProject
Global
	GlobalSection(SolutionConfigurationPlatforms) = preSolution
		Debug|Any CPU = Debug|Any CPU
		Release|Any CPU = Release|Any CPU
	EndGlobalSection
	GlobalSection(ProjectConfigurationPlatforms) = postSolution
		{8EE3B0C0-8640-4F75-8F50-837404A36707}.Debug|Any CPU.ActiveCfg = Debug|Any CPU
		{8EE3B0C0-8640-4F75-8F50-837404A36707}.Debug|Any CPU.Build.0 = Debug|Any CPU
		{8EE3B0C0-8640-4F75-8F50-837404A36707}.Release|Any CPU.ActiveCfg = Release|Any CPU
		{8EE3B0C0-8640-4F75-8F50-837404A36707}.Release|Any CPU.Build.0 = Release|Any CPU
	EndGlobalSection
	GlobalSection(SolutionProperties) = preSolution
		HideSolutionNode = FALSE
	EndGlobalSection
	GlobalSection(ExtensibilityGlobals) = postSolution
		SolutionGuid = {739D10E2-E2D6-4219-B502-D050F966F5CE}
	EndGlobalSection
EndGlobal
